
Microsoft Visual Studio Solution File, Format Version 12.00
# Visual Studio 15
VisualStudioVersion = 15.0.28307.168
MinimumVisualStudioVersion = 10.0.40219.1
Project("{9A19103F-16F7-4668-BE54-9A1E7A4F7556}") = "EasySocket.Core", "EasySocket.Core\EasySocket.Core.csproj", "{C1FB63C7-58EC-4909-9BF3-41D839F1B2FF}"
EndProject
Project("{2150E333-8FDC-42A3-9474-1A3956D46DE8}") = "Solution Items", "Solution Items", "{B3E97DDD-D6BC-4A4E-B6CB-AE74274ED4BF}"
	ProjectSection(SolutionItems) = preProject
		.editorconfig = .editorconfig
		CHANGELOG.md = CHANGELOG.md
		README.md = README.md
	EndProjectSection
EndProject
Project("{9A19103F-16F7-4668-BE54-9A1E7A4F7556}") = "EasySocket.Core.Tests", "EasySocket.Core.Tests\EasySocket.Core.Tests.csproj", "{42C78527-CFA3-4319-953C-4E303A87BB41}"
EndProject
Project("{2150E333-8FDC-42A3-9474-1A3956D46DE8}") = "Example", "Example", "{1E759C17-659E-4F62-BBBE-C22E9377153E}"
EndProject
Project("{9A19103F-16F7-4668-BE54-9A1E7A4F7556}") = "EasySocket.Core.ClientExample", "EasySocket.Core.ClientExample\EasySocket.Core.ClientExample.csproj", "{81D852EF-AB2C-47C8-BFF9-D27446D73332}"
EndProject
Project("{9A19103F-16F7-4668-BE54-9A1E7A4F7556}") = "EasySocket.Core.ServerExample", "EasySocket.Core.ServerExample\EasySocket.Core.ServerExample.csproj", "{897B7521-5ECE-4500-86AF-E2253CBC04EF}"
EndProject
Global
	GlobalSection(SolutionConfigurationPlatforms) = preSolution
		Debug|Any CPU = Debug|Any CPU
		Release|Any CPU = Release|Any CPU
	EndGlobalSection
	GlobalSection(ProjectConfigurationPlatforms) = postSolution
		{C1FB63C7-58EC-4909-9BF3-41D839F1B2FF}.Debug|Any CPU.ActiveCfg = Debug|Any CPU
		{C1FB63C7-58EC-4909-9BF3-41D839F1B2FF}.Debug|Any CPU.Build.0 = Debug|Any CPU
		{C1FB63C7-58EC-4909-9BF3-41D839F1B2FF}.Release|Any CPU.ActiveCfg = Release|Any CPU
		{C1FB63C7-58EC-4909-9BF3-41D839F1B2FF}.Release|Any CPU.Build.0 = Release|Any CPU
		{42C78527-CFA3-4319-953C-4E303A87BB41}.Debug|Any CPU.ActiveCfg = Debug|Any CPU
		{42C78527-CFA3-4319-953C-4E303A87BB41}.Debug|Any CPU.Build.0 = Debug|Any CPU
		{42C78527-CFA3-4319-953C-4E303A87BB41}.Release|Any CPU.ActiveCfg = Release|Any CPU
		{42C78527-CFA3-4319-953C-4E303A87BB41}.Release|Any CPU.Build.0 = Release|Any CPU
		{81D852EF-AB2C-47C8-BFF9-D27446D73332}.Debug|Any CPU.ActiveCfg = Debug|Any CPU
		{81D852EF-AB2C-47C8-BFF9-D27446D73332}.Debug|Any CPU.Build.0 = Debug|Any CPU
		{81D852EF-AB2C-47C8-BFF9-D27446D73332}.Release|Any CPU.ActiveCfg = Release|Any CPU
		{81D852EF-AB2C-47C8-BFF9-D27446D73332}.Release|Any CPU.Build.0 = Release|Any CPU
		{897B7521-5ECE-4500-86AF-E2253CBC04EF}.Debug|Any CPU.ActiveCfg = Debug|Any CPU
		{897B7521-5ECE-4500-86AF-E2253CBC04EF}.Debug|Any CPU.Build.0 = Debug|Any CPU
		{897B7521-5ECE-4500-86AF-E2253CBC04EF}.Release|Any CPU.ActiveCfg = Release|Any CPU
		{897B7521-5ECE-4500-86AF-E2253CBC04EF}.Release|Any CPU.Build.0 = Release|Any CPU
	EndGlobalSection
	GlobalSection(SolutionProperties) = preSolution
		HideSolutionNode = FALSE
	EndGlobalSection
	GlobalSection(NestedProjects) = preSolution
		{81D852EF-AB2C-47C8-BFF9-D27446D73332} = {1E759C17-659E-4F62-BBBE-C22E9377153E}
		{897B7521-5ECE-4500-86AF-E2253CBC04EF} = {1E759C17-659E-4F62-BBBE-C22E9377153E}
	EndGlobalSection
	GlobalSection(ExtensibilityGlobals) = postSolution
		SolutionGuid = {FA4AB57F-E1FB-46D7-BE93-79F3BD033FC4}
	EndGlobalSection
EndGlobal
